
Microsoft Visual Studio Solution File, Format Version 12.00
# Visual Studio 14
VisualStudioVersion = 14.0.25420.1
MinimumVisualStudioVersion = 10.0.40219.1
Project("{FAE04EC0-301F-11D3-BF4B-00C04F79EFBC}") = "BugGuardian.TestCallerConsole", "TestApps\BugGuardian.TestCallerConsole\BugGuardian.TestCallerConsole.csproj", "{656977B2-056C-4DEB-87CB-D11366E809B8}"
EndProject
Project("{2150E333-8FDC-42A3-9474-1A3956D46DE8}") = "TesterApps", "TesterApps", "{7D0462B9-3382-4563-B25E-748D54F2E8BD}"
EndProject
Project("{FAE04EC0-301F-11D3-BF4B-00C04F79EFBC}") = "BugGuardian.TestCallerWeb", "TestApps\BugGuardian.TestCallerWeb\BugGuardian.TestCallerWeb.csproj", "{16F039D1-1A0F-4CBE-91D2-C2F08AA3A446}"
EndProject
Project("{2150E333-8FDC-42A3-9474-1A3956D46DE8}") = "Solution Items", "Solution Items", "{7F79B6C5-F0A1-4B26-9696-C4CAA8A40D95}"
	ProjectSection(SolutionItems) = preProject
		ChangeLog.txt = ChangeLog.txt
	EndProjectSection
EndProject
Project("{FAE04EC0-301F-11D3-BF4B-00C04F79EFBC}") = "BugGuardian.NetStandard", "BugGuardian.NetStandard\BugGuardian.NetStandard.csproj", "{DF98E6D3-65FA-4769-95F3-168ADEE69561}"
EndProject
Project("{2150E333-8FDC-42A3-9474-1A3956D46DE8}") = "BugGuardian.TestCallerUniversal", "BugGuardian.TestCallerUniversal", "{B913EA7B-C360-467F-AC27-FC3F50B52867}"
EndProject
Project("{D954291E-2A0B-460D-934E-DC6B0785DB48}") = "BugGuardian.TestCallerUniversal.Shared", "TestApps\BugGuardian.TestCallerUniversal\BugGuardian.TestCallerUniversal.Shared\BugGuardian.TestCallerUniversal.Shared.shproj", "{7C6491B6-16F8-4B19-9498-658426C2D31D}"
EndProject
Project("{FAE04EC0-301F-11D3-BF4B-00C04F79EFBC}") = "BugGuardian.TestCallerUniversal.Windows", "TestApps\BugGuardian.TestCallerUniversal\BugGuardian.TestCallerUniversal.Windows\BugGuardian.TestCallerUniversal.Windows.csproj", "{7EBD7552-AB40-4D6C-B8BD-B8B2B27B51B0}"
EndProject
Project("{FAE04EC0-301F-11D3-BF4B-00C04F79EFBC}") = "BugGuardian.TestCallerUniversal.WindowsPhone", "TestApps\BugGuardian.TestCallerUniversal\BugGuardian.TestCallerUniversal.WindowsPhone\BugGuardian.TestCallerUniversal.WindowsPhone.csproj", "{7A34FE4F-AE68-45D7-AF4C-ACA84EA7CE14}"
EndProject
Project("{2150E333-8FDC-42A3-9474-1A3956D46DE8}") = "Tests", "Tests", "{6CBE106E-B171-4B14-A399-EF41A16C1F2D}"
EndProject
Project("{FAE04EC0-301F-11D3-BF4B-00C04F79EFBC}") = "BugGuardian.Tests", "Tests\BugGuardian.Tests\BugGuardian.Tests.csproj", "{B566AAED-EAC2-4D87-850F-F2C34552752F}"
EndProject
Global
	GlobalSection(SharedMSBuildProjectFiles) = preSolution
		TestApps\BugGuardian.TestCallerUniversal\BugGuardian.TestCallerUniversal.Shared\BugGuardian.TestCallerUniversal.Shared.projitems*{7a34fe4f-ae68-45d7-af4c-aca84ea7ce14}*SharedItemsImports = 4
		TestApps\BugGuardian.TestCallerUniversal\BugGuardian.TestCallerUniversal.Shared\BugGuardian.TestCallerUniversal.Shared.projitems*{7c6491b6-16f8-4b19-9498-658426c2d31d}*SharedItemsImports = 13
		TestApps\BugGuardian.TestCallerUniversal\BugGuardian.TestCallerUniversal.Shared\BugGuardian.TestCallerUniversal.Shared.projitems*{7ebd7552-ab40-4d6c-b8bd-b8b2b27b51b0}*SharedItemsImports = 4
	EndGlobalSection
	GlobalSection(SolutionConfigurationPlatforms) = preSolution
		Debug|Any CPU = Debug|Any CPU
		Debug|ARM = Debug|ARM
		Debug|x64 = Debug|x64
		Debug|x86 = Debug|x86
		Release|Any CPU = Release|Any CPU
		Release|ARM = Release|ARM
		Release|x64 = Release|x64
		Release|x86 = Release|x86
	EndGlobalSection
	GlobalSection(ProjectConfigurationPlatforms) = postSolution
		{656977B2-056C-4DEB-87CB-D11366E809B8}.Debug|Any CPU.ActiveCfg = Debug|Any CPU
		{656977B2-056C-4DEB-87CB-D11366E809B8}.Debug|Any CPU.Build.0 = Debug|Any CPU
		{656977B2-056C-4DEB-87CB-D11366E809B8}.Debug|ARM.ActiveCfg = Debug|Any CPU
		{656977B2-056C-4DEB-87CB-D11366E809B8}.Debug|x64.ActiveCfg = Debug|Any CPU
		{656977B2-056C-4DEB-87CB-D11366E809B8}.Debug|x86.ActiveCfg = Debug|Any CPU
		{656977B2-056C-4DEB-87CB-D11366E809B8}.Release|Any CPU.ActiveCfg = Release|Any CPU
		{656977B2-056C-4DEB-87CB-D11366E809B8}.Release|Any CPU.Build.0 = Release|Any CPU
		{656977B2-056C-4DEB-87CB-D11366E809B8}.Release|ARM.ActiveCfg = Release|Any CPU
		{656977B2-056C-4DEB-87CB-D11366E809B8}.Release|x64.ActiveCfg = Release|Any CPU
		{656977B2-056C-4DEB-87CB-D11366E809B8}.Release|x86.ActiveCfg = Release|Any CPU
		{16F039D1-1A0F-4CBE-91D2-C2F08AA3A446}.Debug|Any CPU.ActiveCfg = Debug|Any CPU
		{16F039D1-1A0F-4CBE-91D2-C2F08AA3A446}.Debug|Any CPU.Build.0 = Debug|Any CPU
		{16F039D1-1A0F-4CBE-91D2-C2F08AA3A446}.Debug|ARM.ActiveCfg = Debug|Any CPU
		{16F039D1-1A0F-4CBE-91D2-C2F08AA3A446}.Debug|ARM.Build.0 = Debug|Any CPU
		{16F039D1-1A0F-4CBE-91D2-C2F08AA3A446}.Debug|x64.ActiveCfg = Debug|Any CPU
		{16F039D1-1A0F-4CBE-91D2-C2F08AA3A446}.Debug|x64.Build.0 = Debug|Any CPU
		{16F039D1-1A0F-4CBE-91D2-C2F08AA3A446}.Debug|x86.ActiveCfg = Debug|Any CPU
		{16F039D1-1A0F-4CBE-91D2-C2F08AA3A446}.Debug|x86.Build.0 = Debug|Any CPU
		{16F039D1-1A0F-4CBE-91D2-C2F08AA3A446}.Release|Any CPU.ActiveCfg = Release|Any CPU
		{16F039D1-1A0F-4CBE-91D2-C2F08AA3A446}.Release|Any CPU.Build.0 = Release|Any CPU
		{16F039D1-1A0F-4CBE-91D2-C2F08AA3A446}.Release|ARM.ActiveCfg = Release|Any CPU
		{16F039D1-1A0F-4CBE-91D2-C2F08AA3A446}.Release|ARM.Build.0 = Release|Any CPU
		{16F039D1-1A0F-4CBE-91D2-C2F08AA3A446}.Release|x64.ActiveCfg = Release|Any CPU
		{16F039D1-1A0F-4CBE-91D2-C2F08AA3A446}.Release|x64.Build.0 = Release|Any CPU
		{16F039D1-1A0F-4CBE-91D2-C2F08AA3A446}.Release|x86.ActiveCfg = Release|Any CPU
		{16F039D1-1A0F-4CBE-91D2-C2F08AA3A446}.Release|x86.Build.0 = Release|Any CPU
		{DF98E6D3-65FA-4769-95F3-168ADEE69561}.Debug|Any CPU.ActiveCfg = Debug|Any CPU
		{DF98E6D3-65FA-4769-95F3-168ADEE69561}.Debug|Any CPU.Build.0 = Debug|Any CPU
		{DF98E6D3-65FA-4769-95F3-168ADEE69561}.Debug|ARM.ActiveCfg = Debug|Any CPU
		{DF98E6D3-65FA-4769-95F3-168ADEE69561}.Debug|ARM.Build.0 = Debug|Any CPU
		{DF98E6D3-65FA-4769-95F3-168ADEE69561}.Debug|x64.ActiveCfg = Debug|Any CPU
		{DF98E6D3-65FA-4769-95F3-168ADEE69561}.Debug|x64.Build.0 = Debug|Any CPU
		{DF98E6D3-65FA-4769-95F3-168ADEE69561}.Debug|x86.ActiveCfg = Debug|Any CPU
		{DF98E6D3-65FA-4769-95F3-168ADEE69561}.Debug|x86.Build.0 = Debug|Any CPU
		{DF98E6D3-65FA-4769-95F3-168ADEE69561}.Release|Any CPU.ActiveCfg = Release|Any CPU
		{DF98E6D3-65FA-4769-95F3-168ADEE69561}.Release|Any CPU.Build.0 = Release|Any CPU
		{DF98E6D3-65FA-4769-95F3-168ADEE69561}.Release|ARM.ActiveCfg = Release|Any CPU
		{DF98E6D3-65FA-4769-95F3-168ADEE69561}.Release|ARM.Build.0 = Release|Any CPU
		{DF98E6D3-65FA-4769-95F3-168ADEE69561}.Release|x64.ActiveCfg = Release|Any CPU
		{DF98E6D3-65FA-4769-95F3-168ADEE69561}.Release|x64.Build.0 = Release|Any CPU
		{DF98E6D3-65FA-4769-95F3-168ADEE69561}.Release|x86.ActiveCfg = Release|Any CPU
		{DF98E6D3-65FA-4769-95F3-168ADEE69561}.Release|x86.Build.0 = Release|Any CPU
		{7EBD7552-AB40-4D6C-B8BD-B8B2B27B51B0}.Debug|Any CPU.ActiveCfg = Debug|Any CPU
		{7EBD7552-AB40-4D6C-B8BD-B8B2B27B51B0}.Debug|Any CPU.Build.0 = Debug|Any CPU
		{7EBD7552-AB40-4D6C-B8BD-B8B2B27B51B0}.Debug|Any CPU.Deploy.0 = Debug|Any CPU
		{7EBD7552-AB40-4D6C-B8BD-B8B2B27B51B0}.Debug|ARM.ActiveCfg = Debug|ARM
		{7EBD7552-AB40-4D6C-B8BD-B8B2B27B51B0}.Debug|ARM.Build.0 = Debug|ARM
		{7EBD7552-AB40-4D6C-B8BD-B8B2B27B51B0}.Debug|ARM.Deploy.0 = Debug|ARM
		{7EBD7552-AB40-4D6C-B8BD-B8B2B27B51B0}.Debug|x64.ActiveCfg = Debug|x64
		{7EBD7552-AB40-4D6C-B8BD-B8B2B27B51B0}.Debug|x64.Build.0 = Debug|x64
		{7EBD7552-AB40-4D6C-B8BD-B8B2B27B51B0}.Debug|x64.Deploy.0 = Debug|x64
		{7EBD7552-AB40-4D6C-B8BD-B8B2B27B51B0}.Debug|x86.ActiveCfg = Debug|x86
		{7EBD7552-AB40-4D6C-B8BD-B8B2B27B51B0}.Debug|x86.Build.0 = Debug|x86
		{7EBD7552-AB40-4D6C-B8BD-B8B2B27B51B0}.Debug|x86.Deploy.0 = Debug|x86
		{7EBD7552-AB40-4D6C-B8BD-B8B2B27B51B0}.Release|Any CPU.ActiveCfg = Release|Any CPU
		{7EBD7552-AB40-4D6C-B8BD-B8B2B27B51B0}.Release|Any CPU.Build.0 = Release|Any CPU
		{7EBD7552-AB40-4D6C-B8BD-B8B2B27B51B0}.Release|Any CPU.Deploy.0 = Release|Any CPU
		{7EBD7552-AB40-4D6C-B8BD-B8B2B27B51B0}.Release|ARM.ActiveCfg = Release|ARM
		{7EBD7552-AB40-4D6C-B8BD-B8B2B27B51B0}.Release|ARM.Build.0 = Release|ARM
		{7EBD7552-AB40-4D6C-B8BD-B8B2B27B51B0}.Release|ARM.Deploy.0 = Release|ARM
		{7EBD7552-AB40-4D6C-B8BD-B8B2B27B51B0}.Release|x64.ActiveCfg = Release|x64
		{7EBD7552-AB40-4D6C-B8BD-B8B2B27B51B0}.Release|x64.Build.0 = Release|x64
		{7EBD7552-AB40-4D6C-B8BD-B8B2B27B51B0}.Release|x64.Deploy.0 = Release|x64
		{7EBD7552-AB40-4D6C-B8BD-B8B2B27B51B0}.Release|x86.ActiveCfg = Release|x86
		{7EBD7552-AB40-4D6C-B8BD-B8B2B27B51B0}.Release|x86.Build.0 = Release|x86
		{7EBD7552-AB40-4D6C-B8BD-B8B2B27B51B0}.Release|x86.Deploy.0 = Release|x86
		{7A34FE4F-AE68-45D7-AF4C-ACA84EA7CE14}.Debug|Any CPU.ActiveCfg = Debug|Any CPU
		{7A34FE4F-AE68-45D7-AF4C-ACA84EA7CE14}.Debug|Any CPU.Build.0 = Debug|Any CPU
		{7A34FE4F-AE68-45D7-AF4C-ACA84EA7CE14}.Debug|Any CPU.Deploy.0 = Debug|Any CPU
		{7A34FE4F-AE68-45D7-AF4C-ACA84EA7CE14}.Debug|ARM.ActiveCfg = Debug|ARM
		{7A34FE4F-AE68-45D7-AF4C-ACA84EA7CE14}.Debug|ARM.Build.0 = Debug|ARM
		{7A34FE4F-AE68-45D7-AF4C-ACA84EA7CE14}.Debug|ARM.Deploy.0 = Debug|ARM
		{7A34FE4F-AE68-45D7-AF4C-ACA84EA7CE14}.Debug|x64.ActiveCfg = Debug|Any CPU
		{7A34FE4F-AE68-45D7-AF4C-ACA84EA7CE14}.Debug|x64.Build.0 = Debug|Any CPU
		{7A34FE4F-AE68-45D7-AF4C-ACA84EA7CE14}.Debug|x64.Deploy.0 = Debug|Any CPU
		{7A34FE4F-AE68-45D7-AF4C-ACA84EA7CE14}.Debug|x86.ActiveCfg = Debug|x86
		{7A34FE4F-AE68-45D7-AF4C-ACA84EA7CE14}.Debug|x86.Build.0 = Debug|x86
		{7A34FE4F-AE68-45D7-AF4C-ACA84EA7CE14}.Debug|x86.Deploy.0 = Debug|x86
		{7A34FE4F-AE68-45D7-AF4C-ACA84EA7CE14}.Release|Any CPU.ActiveCfg = Release|Any CPU
		{7A34FE4F-AE68-45D7-AF4C-ACA84EA7CE14}.Release|Any CPU.Build.0 = Release|Any CPU
		{7A34FE4F-AE68-45D7-AF4C-ACA84EA7CE14}.Release|Any CPU.Deploy.0 = Release|Any CPU
		{7A34FE4F-AE68-45D7-AF4C-ACA84EA7CE14}.Release|ARM.ActiveCfg = Release|ARM
		{7A34FE4F-AE68-45D7-AF4C-ACA84EA7CE14}.Release|ARM.Build.0 = Release|ARM
		{7A34FE4F-AE68-45D7-AF4C-ACA84EA7CE14}.Release|ARM.Deploy.0 = Release|ARM
		{7A34FE4F-AE68-45D7-AF4C-ACA84EA7CE14}.Release|x64.ActiveCfg = Release|Any CPU
		{7A34FE4F-AE68-45D7-AF4C-ACA84EA7CE14}.Release|x64.Build.0 = Release|Any CPU
		{7A34FE4F-AE68-45D7-AF4C-ACA84EA7CE14}.Release|x64.Deploy.0 = Release|Any CPU
		{7A34FE4F-AE68-45D7-AF4C-ACA84EA7CE14}.Release|x86.ActiveCfg = Release|x86
		{7A34FE4F-AE68-45D7-AF4C-ACA84EA7CE14}.Release|x86.Build.0 = Release|x86
		{7A34FE4F-AE68-45D7-AF4C-ACA84EA7CE14}.Release|x86.Deploy.0 = Release|x86
		{B566AAED-EAC2-4D87-850F-F2C34552752F}.Debug|Any CPU.ActiveCfg = Debug|Any CPU
		{B566AAED-EAC2-4D87-850F-F2C34552752F}.Debug|Any CPU.Build.0 = Debug|Any CPU
		{B566AAED-EAC2-4D87-850F-F2C34552752F}.Debug|ARM.ActiveCfg = Debug|Any CPU
		{B566AAED-EAC2-4D87-850F-F2C34552752F}.Debug|ARM.Build.0 = Debug|Any CPU
		{B566AAED-EAC2-4D87-850F-F2C34552752F}.Debug|x64.ActiveCfg = Debug|Any CPU
		{B566AAED-EAC2-4D87-850F-F2C34552752F}.Debug|x64.Build.0 = Debug|Any CPU
		{B566AAED-EAC2-4D87-850F-F2C34552752F}.Debug|x86.ActiveCfg = Debug|Any CPU
		{B566AAED-EAC2-4D87-850F-F2C34552752F}.Debug|x86.Build.0 = Debug|Any CPU
		{B566AAED-EAC2-4D87-850F-F2C34552752F}.Release|Any CPU.ActiveCfg = Release|Any CPU
		{B566AAED-EAC2-4D87-850F-F2C34552752F}.Release|Any CPU.Build.0 = Release|Any CPU
		{B566AAED-EAC2-4D87-850F-F2C34552752F}.Release|ARM.ActiveCfg = Release|Any CPU
		{B566AAED-EAC2-4D87-850F-F2C34552752F}.Release|ARM.Build.0 = Release|Any CPU
		{B566AAED-EAC2-4D87-850F-F2C34552752F}.Release|x64.ActiveCfg = Release|Any CPU
		{B566AAED-EAC2-4D87-850F-F2C34552752F}.Release|x64.Build.0 = Release|Any CPU
		{B566AAED-EAC2-4D87-850F-F2C34552752F}.Release|x86.ActiveCfg = Release|Any CPU
		{B566AAED-EAC2-4D87-850F-F2C34552752F}.Release|x86.Build.0 = Release|Any CPU
	EndGlobalSection
	GlobalSection(SolutionProperties) = preSolution
		HideSolutionNode = FALSE
	EndGlobalSection
	GlobalSection(NestedProjects) = preSolution
		{656977B2-056C-4DEB-87CB-D11366E809B8} = {7D0462B9-3382-4563-B25E-748D54F2E8BD}
		{16F039D1-1A0F-4CBE-91D2-C2F08AA3A446} = {7D0462B9-3382-4563-B25E-748D54F2E8BD}
		{B913EA7B-C360-467F-AC27-FC3F50B52867} = {7D0462B9-3382-4563-B25E-748D54F2E8BD}
		{7C6491B6-16F8-4B19-9498-658426C2D31D} = {B913EA7B-C360-467F-AC27-FC3F50B52867}
		{7EBD7552-AB40-4D6C-B8BD-B8B2B27B51B0} = {B913EA7B-C360-467F-AC27-FC3F50B52867}
		{7A34FE4F-AE68-45D7-AF4C-ACA84EA7CE14} = {B913EA7B-C360-467F-AC27-FC3F50B52867}
		{B566AAED-EAC2-4D87-850F-F2C34552752F} = {6CBE106E-B171-4B14-A399-EF41A16C1F2D}
	EndGlobalSection
EndGlobal
